<?xml version="1.0" encoding="UTF-8"?>
<CodeBlocks_project_file>
	<FileVersion major="1" minor="6"/>
	<Project>
		<Option title="pas_compiler"/>
		<Option makefile_is_custom="1"/>
		<Option compiler="gcc"/>
		<Option virtualFolders="CMake Files\;CMake Files\..\;CMake Files\..\..\;CMake Files\..\..\..\;CMake Files\..\..\..\..\;CMake Files\..\..\..\..\..\;CMake Files\..\..\..\..\..\..\;CMake Files\..\..\..\..\..\..\..\;CMake Files\..\..\..\..\..\..\..\..\;CMake Files\..\..\..\..\..\..\..\..\..\;CMake Files\..\..\..\..\..\..\..\..\..\..\;CMake Files\..\..\..\..\..\..\..\..\..\..\usr\;CMake Files\..\..\..\..\..\..\..\..\..\..\usr\lib\;CMake Files\..\..\..\..\..\..\..\..\..\..\usr\lib\llvm-6.0\;CMake Files\..\..\..\..\..\..\..\..\..\..\usr\lib\llvm-6.0\cmake\;CMake Files\..\..\..\..\..\..\..\..\..\..\usr\lib\llvm-6.0\lib\;CMake Files\..\..\..\..\..\..\..\..\..\..\usr\lib\llvm-6.0\lib\cmake\;CMake Files\..\..\..\..\..\..\..\..\..\..\usr\lib\llvm-6.0\lib\cmake\llvm\;"/>
		<Build>
			<Target title="all">
				<Option working_dir="/home/matous/Documents/MEGA/CVUT_FIT/Semester_4/PJP/semester_work/llvm/pas_compiler"/>
				<Option type="4"/>
				<MakeCommands>
					<Build command="/usr/bin/make -f &quot;/home/matous/Documents/MEGA/CVUT_FIT/Semester_4/PJP/semester_work/llvm/pas_compiler/Makefile&quot;  VERBOSE=1 all"/>
					<CompileFile command="/usr/bin/make -f &quot;/home/matous/Documents/MEGA/CVUT_FIT/Semester_4/PJP/semester_work/llvm/pas_compiler/Makefile&quot;  VERBOSE=1 &quot;$file&quot;"/>
					<Clean command="/usr/bin/make -f &quot;/home/matous/Documents/MEGA/CVUT_FIT/Semester_4/PJP/semester_work/llvm/pas_compiler/Makefile&quot;  VERBOSE=1 clean"/>
					<DistClean command="/usr/bin/make -f &quot;/home/matous/Documents/MEGA/CVUT_FIT/Semester_4/PJP/semester_work/llvm/pas_compiler/Makefile&quot;  VERBOSE=1 clean"/>
				</MakeCommands>
			</Target>
			<Target title="edit_cache">
				<Option working_dir="/home/matous/Documents/MEGA/CVUT_FIT/Semester_4/PJP/semester_work/llvm/pas_compiler"/>
				<Option type="4"/>
				<MakeCommands>
					<Build command="/usr/bin/make -f &quot;/home/matous/Documents/MEGA/CVUT_FIT/Semester_4/PJP/semester_work/llvm/pas_compiler/Makefile&quot;  VERBOSE=1 edit_cache"/>
					<CompileFile command="/usr/bin/make -f &quot;/home/matous/Documents/MEGA/CVUT_FIT/Semester_4/PJP/semester_work/llvm/pas_compiler/Makefile&quot;  VERBOSE=1 &quot;$file&quot;"/>
					<Clean command="/usr/bin/make -f &quot;/home/matous/Documents/MEGA/CVUT_FIT/Semester_4/PJP/semester_work/llvm/pas_compiler/Makefile&quot;  VERBOSE=1 clean"/>
					<DistClean command="/usr/bin/make -f &quot;/home/matous/Documents/MEGA/CVUT_FIT/Semester_4/PJP/semester_work/llvm/pas_compiler/Makefile&quot;  VERBOSE=1 clean"/>
				</MakeCommands>
			</Target>
			<Target title="intrinsics_gen">
				<Option working_dir="/home/matous/Documents/MEGA/CVUT_FIT/Semester_4/PJP/semester_work/llvm/pas_compiler"/>
				<Option type="4"/>
				<MakeCommands>
					<Build command="/usr/bin/make -f &quot;/home/matous/Documents/MEGA/CVUT_FIT/Semester_4/PJP/semester_work/llvm/pas_compiler/Makefile&quot;  VERBOSE=1 intrinsics_gen"/>
					<CompileFile command="/usr/bin/make -f &quot;/home/matous/Documents/MEGA/CVUT_FIT/Semester_4/PJP/semester_work/llvm/pas_compiler/Makefile&quot;  VERBOSE=1 &quot;$file&quot;"/>
					<Clean command="/usr/bin/make -f &quot;/home/matous/Documents/MEGA/CVUT_FIT/Semester_4/PJP/semester_work/llvm/pas_compiler/Makefile&quot;  VERBOSE=1 clean"/>
					<DistClean command="/usr/bin/make -f &quot;/home/matous/Documents/MEGA/CVUT_FIT/Semester_4/PJP/semester_work/llvm/pas_compiler/Makefile&quot;  VERBOSE=1 clean"/>
				</MakeCommands>
			</Target>
			<Target title="rebuild_cache">
				<Option working_dir="/home/matous/Documents/MEGA/CVUT_FIT/Semester_4/PJP/semester_work/llvm/pas_compiler"/>
				<Option type="4"/>
				<MakeCommands>
					<Build command="/usr/bin/make -f &quot;/home/matous/Documents/MEGA/CVUT_FIT/Semester_4/PJP/semester_work/llvm/pas_compiler/Makefile&quot;  VERBOSE=1 rebuild_cache"/>
					<CompileFile command="/usr/bin/make -f &quot;/home/matous/Documents/MEGA/CVUT_FIT/Semester_4/PJP/semester_work/llvm/pas_compiler/Makefile&quot;  VERBOSE=1 &quot;$file&quot;"/>
					<Clean command="/usr/bin/make -f &quot;/home/matous/Documents/MEGA/CVUT_FIT/Semester_4/PJP/semester_work/llvm/pas_compiler/Makefile&quot;  VERBOSE=1 clean"/>
					<DistClean command="/usr/bin/make -f &quot;/home/matous/Documents/MEGA/CVUT_FIT/Semester_4/PJP/semester_work/llvm/pas_compiler/Makefile&quot;  VERBOSE=1 clean"/>
				</MakeCommands>
			</Target>
			<Target title="pas_compiler">
				<Option output="/home/matous/Documents/MEGA/CVUT_FIT/Semester_4/PJP/semester_work/llvm/pas_compiler/pas_compiler" prefix_auto="0" extension_auto="0"/>
				<Option working_dir="/home/matous/Documents/MEGA/CVUT_FIT/Semester_4/PJP/semester_work/llvm/pas_compiler"/>
				<Option object_output="./"/>
				<Option type="1"/>
				<Option compiler="gcc"/>
				<Compiler>
					<Add directory="/usr/lib/llvm-6.0/include"/>
				</Compiler>
				<MakeCommands>
					<Build command="/usr/bin/make -f &quot;/home/matous/Documents/MEGA/CVUT_FIT/Semester_4/PJP/semester_work/llvm/pas_compiler/Makefile&quot;  VERBOSE=1 pas_compiler"/>
					<CompileFile command="/usr/bin/make -f &quot;/home/matous/Documents/MEGA/CVUT_FIT/Semester_4/PJP/semester_work/llvm/pas_compiler/Makefile&quot;  VERBOSE=1 &quot;$file&quot;"/>
					<Clean command="/usr/bin/make -f &quot;/home/matous/Documents/MEGA/CVUT_FIT/Semester_4/PJP/semester_work/llvm/pas_compiler/Makefile&quot;  VERBOSE=1 clean"/>
					<DistClean command="/usr/bin/make -f &quot;/home/matous/Documents/MEGA/CVUT_FIT/Semester_4/PJP/semester_work/llvm/pas_compiler/Makefile&quot;  VERBOSE=1 clean"/>
				</MakeCommands>
			</Target>
			<Target title="pas_compiler/fast">
				<Option output="/home/matous/Documents/MEGA/CVUT_FIT/Semester_4/PJP/semester_work/llvm/pas_compiler/pas_compiler" prefix_auto="0" extension_auto="0"/>
				<Option working_dir="/home/matous/Documents/MEGA/CVUT_FIT/Semester_4/PJP/semester_work/llvm/pas_compiler"/>
				<Option object_output="./"/>
				<Option type="1"/>
				<Option compiler="gcc"/>
				<Compiler>
					<Add directory="/usr/lib/llvm-6.0/include"/>
				</Compiler>
				<MakeCommands>
					<Build command="/usr/bin/make -f &quot;/home/matous/Documents/MEGA/CVUT_FIT/Semester_4/PJP/semester_work/llvm/pas_compiler/Makefile&quot;  VERBOSE=1 pas_compiler/fast"/>
					<CompileFile command="/usr/bin/make -f &quot;/home/matous/Documents/MEGA/CVUT_FIT/Semester_4/PJP/semester_work/llvm/pas_compiler/Makefile&quot;  VERBOSE=1 &quot;$file&quot;"/>
					<Clean command="/usr/bin/make -f &quot;/home/matous/Documents/MEGA/CVUT_FIT/Semester_4/PJP/semester_work/llvm/pas_compiler/Makefile&quot;  VERBOSE=1 clean"/>
					<DistClean command="/usr/bin/make -f &quot;/home/matous/Documents/MEGA/CVUT_FIT/Semester_4/PJP/semester_work/llvm/pas_compiler/Makefile&quot;  VERBOSE=1 clean"/>
				</MakeCommands>
			</Target>
		</Build>
		<Unit filename="/home/matous/Documents/MEGA/CVUT_FIT/Semester_4/PJP/semester_work/llvm/pas_compiler/AbstractSyntaxTree.cpp">
			<Option target="pas_compiler"/>
		</Unit>
		<Unit filename="/home/matous/Documents/MEGA/CVUT_FIT/Semester_4/PJP/semester_work/llvm/pas_compiler/AbstractSyntaxTree.h">
			<Option target="pas_compiler"/>
		</Unit>
		<Unit filename="/home/matous/Documents/MEGA/CVUT_FIT/Semester_4/PJP/semester_work/llvm/pas_compiler/Lexan.cpp">
			<Option target="pas_compiler"/>
		</Unit>
		<Unit filename="/home/matous/Documents/MEGA/CVUT_FIT/Semester_4/PJP/semester_work/llvm/pas_compiler/Lexan.h">
			<Option target="pas_compiler"/>
		</Unit>
		<Unit filename="/home/matous/Documents/MEGA/CVUT_FIT/Semester_4/PJP/semester_work/llvm/pas_compiler/Parser.cpp">
			<Option target="pas_compiler"/>
		</Unit>
		<Unit filename="/home/matous/Documents/MEGA/CVUT_FIT/Semester_4/PJP/semester_work/llvm/pas_compiler/Parser.h">
			<Option target="pas_compiler"/>
		</Unit>
		<Unit filename="/home/matous/Documents/MEGA/CVUT_FIT/Semester_4/PJP/semester_work/llvm/pas_compiler/codegen.cpp">
			<Option target="pas_compiler"/>
		</Unit>
		<Unit filename="/home/matous/Documents/MEGA/CVUT_FIT/Semester_4/PJP/semester_work/llvm/pas_compiler/main.cpp">
			<Option target="pas_compiler"/>
		</Unit>
		<Unit filename="/home/matous/Documents/MEGA/CVUT_FIT/Semester_4/PJP/semester_work/llvm/pas_compiler/CMakeLists.txt">
			<Option virtualFolder="CMake Files\"/>
		</Unit>
		<Unit filename="/home/matous/Documents/MEGA/CVUT_FIT/Semester_4/PJP/semester_work/llvm/pas_compiler/../../../../../../../../../../usr/lib/llvm-6.0/cmake/LLVMConfig.cmake">
			<Option virtualFolder="CMake Files\..\..\..\..\..\..\..\..\..\..\usr\lib\llvm-6.0\cmake\"/>
		</Unit>
		<Unit filename="/home/matous/Documents/MEGA/CVUT_FIT/Semester_4/PJP/semester_work/llvm/pas_compiler/../../../../../../../../../../usr/lib/llvm-6.0/cmake/LLVMConfigVersion.cmake">
			<Option virtualFolder="CMake Files\..\..\..\..\..\..\..\..\..\..\usr\lib\llvm-6.0\cmake\"/>
		</Unit>
		<Unit filename="/home/matous/Documents/MEGA/CVUT_FIT/Semester_4/PJP/semester_work/llvm/pas_compiler/../../../../../../../../../../usr/lib/llvm-6.0/lib/cmake/llvm/LLVM-Config.cmake">
			<Option virtualFolder="CMake Files\..\..\..\..\..\..\..\..\..\..\usr\lib\llvm-6.0\lib\cmake\llvm\"/>
		</Unit>
		<Unit filename="/home/matous/Documents/MEGA/CVUT_FIT/Semester_4/PJP/semester_work/llvm/pas_compiler/../../../../../../../../../../usr/lib/llvm-6.0/lib/cmake/llvm/LLVMExports-relwithdebinfo.cmake">
			<Option virtualFolder="CMake Files\..\..\..\..\..\..\..\..\..\..\usr\lib\llvm-6.0\lib\cmake\llvm\"/>
		</Unit>
		<Unit filename="/home/matous/Documents/MEGA/CVUT_FIT/Semester_4/PJP/semester_work/llvm/pas_compiler/../../../../../../../../../../usr/lib/llvm-6.0/lib/cmake/llvm/LLVMExports.cmake">
			<Option virtualFolder="CMake Files\..\..\..\..\..\..\..\..\..\..\usr\lib\llvm-6.0\lib\cmake\llvm\"/>
		</Unit>
	</Project>
</CodeBlocks_project_file>
